
Microsoft Visual Studio Solution File, Format Version 12.00
# Visual Studio Version 17
VisualStudioVersion = 17.0.32112.339
MinimumVisualStudioVersion = 10.0.40219.1
Project("{FAE04EC0-301F-11D3-BF4B-00C04F79EFBC}") = "QRCoderTest", "QRCoderTest\QRCoderTest.csproj", "{8E6A391D-F322-4803-ADAA-D45C62D2390B}"
EndProject
Global
	GlobalSection(SolutionConfigurationPlatforms) = preSolution
		Debug|Any CPU = Debug|Any CPU
		Release|Any CPU = Release|Any CPU
	EndGlobalSection
	GlobalSection(ProjectConfigurationPlatforms) = postSolution
		{8E6A391D-F322-4803-ADAA-D45C62D2390B}.Debug|Any CPU.ActiveCfg = Debug|Any CPU
		{8E6A391D-F322-4803-ADAA-D45C62D2390B}.Debug|Any CPU.Build.0 = Debug|Any CPU
		{8E6A391D-F322-4803-ADAA-D45C62D2390B}.Release|Any CPU.ActiveCfg = Release|Any CPU
		{8E6A391D-F322-4803-ADAA-D45C62D2390B}.Release|Any CPU.Build.0 = Release|Any CPU
	EndGlobalSection
	GlobalSection(SolutionProperties) = preSolution
		HideSolutionNode = FALSE
	EndGlobalSection
	GlobalSection(ExtensibilityGlobals) = postSolution
		SolutionGuid = {161CBF41-D8DB-4461-8D6A-3B0EBC3DEBC3}
	EndGlobalSection
EndGlobal
